
Microsoft Visual Studio Solution File, Format Version 12.00
# Visual Studio 15
VisualStudioVersion = 15.0.27428.2015
MinimumVisualStudioVersion = 10.0.40219.1
Project("{FAE04EC0-301F-11D3-BF4B-00C04F79EFBC}") = "BookStore", "BookStore\BookStore.csproj", "{C5005A90-4B5C-4C11-84CC-688D4D808593}"
EndProject
Project("{FAE04EC0-301F-11D3-BF4B-00C04F79EFBC}") = "BookStore.Tests", "BookStore.Tests\BookStore.Tests.csproj", "{22A3A5BC-6066-4680-94B2-B65233AD7256}"
EndProject
Global
	GlobalSection(SolutionConfigurationPlatforms) = preSolution
		Debug|Any CPU = Debug|Any CPU
		Release|Any CPU = Release|Any CPU
	EndGlobalSection
	GlobalSection(ProjectConfigurationPlatforms) = postSolution
		{C5005A90-4B5C-4C11-84CC-688D4D808593}.Debug|Any CPU.ActiveCfg = Debug|Any CPU
		{C5005A90-4B5C-4C11-84CC-688D4D808593}.Debug|Any CPU.Build.0 = Debug|Any CPU
		{C5005A90-4B5C-4C11-84CC-688D4D808593}.Release|Any CPU.ActiveCfg = Release|Any CPU
		{C5005A90-4B5C-4C11-84CC-688D4D808593}.Release|Any CPU.Build.0 = Release|Any CPU
		{22A3A5BC-6066-4680-94B2-B65233AD7256}.Debug|Any CPU.ActiveCfg = Debug|Any CPU
		{22A3A5BC-6066-4680-94B2-B65233AD7256}.Debug|Any CPU.Build.0 = Debug|Any CPU
		{22A3A5BC-6066-4680-94B2-B65233AD7256}.Release|Any CPU.ActiveCfg = Release|Any CPU
		{22A3A5BC-6066-4680-94B2-B65233AD7256}.Release|Any CPU.Build.0 = Release|Any CPU
	EndGlobalSection
	GlobalSection(SolutionProperties) = preSolution
		HideSolutionNode = FALSE
	EndGlobalSection
	GlobalSection(ExtensibilityGlobals) = postSolution
		SolutionGuid = {598BC51A-C362-408F-A764-4658347D585F}
	EndGlobalSection
EndGlobal
